PODS:
  - Aftermath (1.0.0)
  - Cache (2.0.0):
    - CryptoSwift
  - CryptoSwift (0.6.1)
  - Fashion (2.0.0)
  - Malibu (2.0.0):
    - When (~> 2.0)
  - Tailor (2.0.1)
  - When (2.0.0)

DEPENDENCIES:
  - Aftermath (from `../../`)
  - Cache
  - CryptoSwift
  - Fashion
  - Malibu
  - Tailor

EXTERNAL SOURCES:
  Aftermath:
    :path: "../../"

SPEC CHECKSUMS:
  Aftermath: a5b44337e973c786ee12b0520541911beac94b0e
  Cache: 86c7a082ce5a734df15a103581d81d29002a171e
  CryptoSwift: abdbc1bf32c89117c6b403810a7b30f742d86e68
  Fashion: f5cd202dcd048edd35217349527ac446d0853cd7
  Malibu: d697d750eba061696ddafa097b6cb325ba6037f7
  Tailor: faa9ec5be402056be8ec67c0e461f00251d19191
  When: 3df626af4891607ea7dd3f46a451176c5642c528

PODFILE CHECKSUM: 6968e24b3a612d8c0af37f4cdd130bade9cd0df4

COCOAPODS: 1.1.0.rc.3
