PODS:
  - Aftermath (0.1.0)
  - Cache (1.5.1):
    - CryptoSwift
  - CryptoSwift (0.5.2)
  - Fashion (1.1.0):
    - Sugar
  - Malibu (1.3.0):
    - When (= 1.0.4)
  - Sugar (1.2.0)
  - Tailor (1.3.0)
  - When (1.0.4)

DEPENDENCIES:
  - Aftermath (from `../../`)
  - Cache (= 1.5.1)
  - CryptoSwift (= 0.5.2)
  - Fashion (= 1.1.0)
  - Malibu (= 1.3.0)
  - Tailor (= 1.3.0)

EXTERNAL SOURCES:
  Aftermath:
    :path: "../../"

SPEC CHECKSUMS:
  Aftermath: 35b56efd265a793884716f987ecfa57e5ca09877
  Cache: 87b48b059429d3b53238533830c53941f8aa85f0
  CryptoSwift: c1ef79f901b86099a6fe8b3c7524cf9f3f3c8c40
  Fashion: 82f2bb05505e3aea0977a2c23f5d8692e06f12a9
  Malibu: ee3c26922cca9c5be989b584fb5a561f3fc686a4
  Sugar: 556b623f0f8846cf08de7302701892f11d567419
  Tailor: 71fac74a4f14abcd13a10bf07bbe69d5ac746f58
  When: 033104df132ebfa75f4d3a9ba3e7a9865a573a1c

PODFILE CHECKSUM: 9f890914dc2e9f494f71c7a860061d2b258bbc1e

COCOAPODS: 1.1.0.rc.2
