// !$*UTF8*$!
{
	archiveVersion = 1;
	classes = {
	};
	objectVersion = 46;
	objects = {

/* Begin PBXBuildFile section */
		5A373EF063D8E70F9635AE3D /* Pods_AftermathDemo.framework in Frameworks */ = {isa = PBXBuildFile; fileRef = 0713B3D775FDAB4DA31713F6 /* Pods_AftermathDemo.framework */; };
		D54313C91D6B9FBD00670AF2 /* LaunchScreen.storyboard in Resources */ = {isa = PBXBuildFile; fileRef = D54313C11D6B9FBD00670AF2 /* LaunchScreen.storyboard */; };
		D54313CB1D6B9FBD00670AF2 /* Assets.xcassets in Resources */ = {isa = PBXBuildFile; fileRef = D54313C51D6B9FBD00670AF2 /* Assets.xcassets */; };
		D54313CC1D6B9FBD00670AF2 /* AppDelegate.swift in Sources */ = {isa = PBXBuildFile; fileRef = D54313C71D6B9FBD00670AF2 /* AppDelegate.swift */; };
		D5A983051D7456F000B0F790 /* WelcomeController.swift in Sources */ = {isa = PBXBuildFile; fileRef = D5A983041D7456F000B0F790 /* WelcomeController.swift */; };
		D5A983071D74570B00B0F790 /* MainController.swift in Sources */ = {isa = PBXBuildFile; fileRef = D5A983061D74570B00B0F790 /* MainController.swift */; };
		D5A983091D74572900B0F790 /* PostsController.swift in Sources */ = {isa = PBXBuildFile; fileRef = D5A983081D74572900B0F790 /* PostsController.swift */; };
		D5A9830B1D74629800B0F790 /* UsersController.swift in Sources */ = {isa = PBXBuildFile; fileRef = D5A9830A1D74629800B0F790 /* UsersController.swift */; };
		E01F3BA98F93816F129F4BBB /* Pods_AftermathDemo.framework in Frameworks */ = {isa = PBXBuildFile; fileRef = 7F33268E3B87D03116CCB92B /* Pods_AftermathDemo.framework */; };
/* End PBXBuildFile section */

/* Begin PBXFileReference section */
		0713B3D775FDAB4DA31713F6 /* Pods_AftermathDemo.framework */ = {isa = PBXFileReference; explicitFileType = wrapper.framework; includeInIndex = 0; path = Pods_AftermathDemo.framework; sourceTree = BUILT_PRODUCTS_DIR; };
		30EE3F0C3ACC6A8C5346DEAB /* Pods-AftermathDemo.debug.xcconfig */ = {isa = PBXFileReference; includeInIndex = 1; lastKnownFileType = text.xcconfig; name = "Pods-AftermathDemo.debug.xcconfig"; path = "Pods/Target Support Files/Pods-AftermathDemo/Pods-AftermathDemo.debug.xcconfig"; sourceTree = "<group>"; };
		714092CDEFC7EAA8ED00F0CF /* Pods-AftermathDemo.debug.xcconfig */ = {isa = PBXFileReference; includeInIndex = 1; lastKnownFileType = text.xcconfig; name = "Pods-AftermathDemo.debug.xcconfig"; path = "Pods/Target Support Files/Pods-AftermathDemo/Pods-AftermathDemo.debug.xcconfig"; sourceTree = "<group>"; };
		7F33268E3B87D03116CCB92B /* Pods_AftermathDemo.framework */ = {isa = PBXFileReference; explicitFileType = wrapper.framework; includeInIndex = 0; path = Pods_AftermathDemo.framework; sourceTree = BUILT_PRODUCTS_DIR; };
		C38A938247BC892DF9E4A9FA /* Pods-AftermathDemo.release.xcconfig */ = {isa = PBXFileReference; includeInIndex = 1; lastKnownFileType = text.xcconfig; name = "Pods-AftermathDemo.release.xcconfig"; path = "Pods/Target Support Files/Pods-AftermathDemo/Pods-AftermathDemo.release.xcconfig"; sourceTree = "<group>"; };
		D54313C21D6B9FBD00670AF2 /* Base */ = {isa = PBXFileReference; lastKnownFileType = file.storyboard; name = Base; path = Base.lproj/LaunchScreen.storyboard; sourceTree = "<group>"; };
		D54313C31D6B9FBD00670AF2 /* Info.plist */ = {isa = PBXFileReference; fileEncoding = 4; lastKnownFileType = text.plist.xml; path = Info.plist; sourceTree = "<group>"; };
		D54313C51D6B9FBD00670AF2 /* Assets.xcassets */ = {isa = PBXFileReference; lastKnownFileType = folder.assetcatalog; path = Assets.xcassets; sourceTree = "<group>"; };
		D54313C71D6B9FBD00670AF2 /* AppDelegate.swift */ = {isa = PBXFileReference; fileEncoding = 4; lastKnownFileType = sourcecode.swift; path = AppDelegate.swift; sourceTree = "<group>"; };
		D5A983041D7456F000B0F790 /* WelcomeController.swift */ = {isa = PBXFileReference; fileEncoding = 4; lastKnownFileType = sourcecode.swift; path = WelcomeController.swift; sourceTree = "<group>"; };
		D5A983061D74570B00B0F790 /* MainController.swift */ = {isa = PBXFileReference; fileEncoding = 4; lastKnownFileType = sourcecode.swift; path = MainController.swift; sourceTree = "<group>"; };
		D5A983081D74572900B0F790 /* PostsController.swift */ = {isa = PBXFileReference; fileEncoding = 4; lastKnownFileType = sourcecode.swift; path = PostsController.swift; sourceTree = "<group>"; };
		D5A9830A1D74629800B0F790 /* UsersController.swift */ = {isa = PBXFileReference; fileEncoding = 4; lastKnownFileType = sourcecode.swift; path = UsersController.swift; sourceTree = "<group>"; };
		D5C7F7401C3BC9CE008CDDBA /* AftermathDemo.app */ = {isa = PBXFileReference; explicitFileType = wrapper.application; includeInIndex = 0; path = AftermathDemo.app; sourceTree = BUILT_PRODUCTS_DIR; };
		F3FE4B252E36F15A27A58E77 /* Pods-AftermathDemo.release.xcconfig */ = {isa = PBXFileReference; includeInIndex = 1; lastKnownFileType = text.xcconfig; name = "Pods-AftermathDemo.release.xcconfig"; path = "Pods/Target Support Files/Pods-AftermathDemo/Pods-AftermathDemo.release.xcconfig"; sourceTree = "<group>"; };
/* End PBXFileReference section */

/* Begin PBXFrameworksBuildPhase section */
		D5C7F73D1C3BC9CE008CDDBA /* Frameworks */ = {
			isa = PBXFrameworksBuildPhase;
			buildActionMask = 2147483647;
			files = (
				E01F3BA98F93816F129F4BBB /* Pods_AftermathDemo.framework in Frameworks */,
				5A373EF063D8E70F9635AE3D /* Pods_AftermathDemo.framework in Frameworks */,
			);
			runOnlyForDeploymentPostprocessing = 0;
		};
/* End PBXFrameworksBuildPhase section */

/* Begin PBXGroup section */
		345A698D4DCB59325AFF249A /* Pods */ = {
			isa = PBXGroup;
			children = (
				714092CDEFC7EAA8ED00F0CF /* Pods-AftermathDemo.debug.xcconfig */,
				C38A938247BC892DF9E4A9FA /* Pods-AftermathDemo.release.xcconfig */,
				30EE3F0C3ACC6A8C5346DEAB /* Pods-AftermathDemo.debug.xcconfig */,
				F3FE4B252E36F15A27A58E77 /* Pods-AftermathDemo.release.xcconfig */,
			);
			name = Pods;
			sourceTree = "<group>";
		};
		D54313C01D6B9FBC00670AF2 /* AftermathDemo */ = {
			isa = PBXGroup;
			children = (
				D54313C11D6B9FBD00670AF2 /* LaunchScreen.storyboard */,
				D54313C31D6B9FBD00670AF2 /* Info.plist */,
				D54313C41D6B9FBD00670AF2 /* Resources */,
				D54313C61D6B9FBD00670AF2 /* Sources */,
			);
			path = AftermathDemo;
			sourceTree = "<group>";
		};
		D54313C41D6B9FBD00670AF2 /* Resources */ = {
			isa = PBXGroup;
			children = (
				D54313C51D6B9FBD00670AF2 /* Assets.xcassets */,
			);
			path = Resources;
			sourceTree = "<group>";
		};
		D54313C61D6B9FBD00670AF2 /* Sources */ = {
			isa = PBXGroup;
			children = (
				D5A983031D7456E300B0F790 /* Controllers */,
				D54313C71D6B9FBD00670AF2 /* AppDelegate.swift */,
			);
			path = Sources;
			sourceTree = "<group>";
		};
		D5A983031D7456E300B0F790 /* Controllers */ = {
			isa = PBXGroup;
			children = (
				D5A983041D7456F000B0F790 /* WelcomeController.swift */,
				D5A983061D74570B00B0F790 /* MainController.swift */,
				D5A983081D74572900B0F790 /* PostsController.swift */,
				D5A9830A1D74629800B0F790 /* UsersController.swift */,
			);
			path = Controllers;
			sourceTree = "<group>";
		};
		D5C7F7371C3BC9CE008CDDBA = {
			isa = PBXGroup;
			children = (
				D54313C01D6B9FBC00670AF2 /* AftermathDemo */,
				D5C7F7411C3BC9CE008CDDBA /* Products */,
				345A698D4DCB59325AFF249A /* Pods */,
				F269D6AEF53F82EB31A69383 /* Frameworks */,
			);
			sourceTree = "<group>";
		};
		D5C7F7411C3BC9CE008CDDBA /* Products */ = {
			isa = PBXGroup;
			children = (
				D5C7F7401C3BC9CE008CDDBA /* AftermathDemo.app */,
			);
			name = Products;
			sourceTree = "<group>";
		};
		F269D6AEF53F82EB31A69383 /* Frameworks */ = {
			isa = PBXGroup;
			children = (
				7F33268E3B87D03116CCB92B /* Pods_AftermathDemo.framework */,
				0713B3D775FDAB4DA31713F6 /* Pods_AftermathDemo.framework */,
			);
			name = Frameworks;
			sourceTree = "<group>";
		};
/* End PBXGroup section */

/* Begin PBXNativeTarget section */
		D5C7F73F1C3BC9CE008CDDBA /* AftermathDemo */ = {
			isa = PBXNativeTarget;
			buildConfigurationList = D5C7F7521C3BC9CE008CDDBA /* Build configuration list for PBXNativeTarget "AftermathDemo" */;
			buildPhases = (
				892B48B85A68D79ECB870FDB /* [CP] Check Pods Manifest.lock */,
				D5C7F73C1C3BC9CE008CDDBA /* Sources */,
				D5C7F73D1C3BC9CE008CDDBA /* Frameworks */,
				D5C7F73E1C3BC9CE008CDDBA /* Resources */,
				1FCC8E51EABC0EE3CC0CC976 /* [CP] Embed Pods Frameworks */,
				CB503627E325C09DC0A388CA /* [CP] Copy Pods Resources */,
			);
			buildRules = (
			);
			dependencies = (
			);
			name = AftermathDemo;
			productName = AftermathDemo;
			productReference = D5C7F7401C3BC9CE008CDDBA /* AftermathDemo.app */;
			productType = "com.apple.product-type.application";
		};
/* End PBXNativeTarget section */

/* Begin PBXProject section */
		D5C7F7381C3BC9CE008CDDBA /* Project object */ = {
			isa = PBXProject;
			attributes = {
				LastSwiftUpdateCheck = 0720;
				LastUpgradeCheck = 0720;
				ORGANIZATIONNAME = "Hyper Interaktiv AS";
				TargetAttributes = {
					D5C7F73F1C3BC9CE008CDDBA = {
						CreatedOnToolsVersion = 7.2;
					};
				};
			};
			buildConfigurationList = D5C7F73B1C3BC9CE008CDDBA /* Build configuration list for PBXProject "AftermathDemo" */;
			compatibilityVersion = "Xcode 3.2";
			developmentRegion = English;
			hasScannedForEncodings = 0;
			knownRegions = (
				en,
				Base,
			);
			mainGroup = D5C7F7371C3BC9CE008CDDBA;
			productRefGroup = D5C7F7411C3BC9CE008CDDBA /* Products */;
			projectDirPath = "";
			projectRoot = "";
			targets = (
				D5C7F73F1C3BC9CE008CDDBA /* AftermathDemo */,
			);
		};
/* End PBXProject section */

/* Begin PBXResourcesBuildPhase section */
		D5C7F73E1C3BC9CE008CDDBA /* Resources */ = {
			isa = PBXResourcesBuildPhase;
			buildActionMask = 2147483647;
			files = (
				D54313CB1D6B9FBD00670AF2 /* Assets.xcassets in Resources */,
				D54313C91D6B9FBD00670AF2 /* LaunchScreen.storyboard in Resources */,
			);
			runOnlyForDeploymentPostprocessing = 0;
		};
/* End PBXResourcesBuildPhase section */

/* Begin PBXShellScriptBuildPhase section */
		1FCC8E51EABC0EE3CC0CC976 /* [CP] Embed Pods Frameworks */ = {
			isa = PBXShellScriptBuildPhase;
			buildActionMask = 2147483647;
			files = (
			);
			inputPaths = (
			);
			name = "[CP] Embed Pods Frameworks";
			outputPaths = (
			);
			runOnlyForDeploymentPostprocessing = 0;
			shellPath = /bin/sh;
			shellScript = "\"${SRCROOT}/Pods/Target Support Files/Pods-AftermathDemo/Pods-AftermathDemo-frameworks.sh\"\n";
			showEnvVarsInLog = 0;
		};
		892B48B85A68D79ECB870FDB /* [CP] Check Pods Manifest.lock */ = {
			isa = PBXShellScriptBuildPhase;
			buildActionMask = 2147483647;
			files = (
			);
			inputPaths = (
			);
			name = "[CP] Check Pods Manifest.lock";
			outputPaths = (
			);
			runOnlyForDeploymentPostprocessing = 0;
			shellPath = /bin/sh;
			shellScript = "diff \"${PODS_ROOT}/../Podfile.lock\" \"${PODS_ROOT}/Manifest.lock\" > /dev/null\nif [[ $? != 0 ]] ; then\n    cat << EOM\nerror: The sandbox is not in sync with the Podfile.lock. Run 'pod install' or update your CocoaPods installation.\nEOM\n    exit 1\nfi\n";
			showEnvVarsInLog = 0;
		};
		CB503627E325C09DC0A388CA /* [CP] Copy Pods Resources */ = {
			isa = PBXShellScriptBuildPhase;
			buildActionMask = 2147483647;
			files = (
			);
			inputPaths = (
			);
			name = "[CP] Copy Pods Resources";
			outputPaths = (
			);
			runOnlyForDeploymentPostprocessing = 0;
			shellPath = /bin/sh;
			shellScript = "\"${SRCROOT}/Pods/Target Support Files/Pods-AftermathDemo/Pods-AftermathDemo-resources.sh\"\n";
			showEnvVarsInLog = 0;
		};
/* End PBXShellScriptBuildPhase section */

/* Begin PBXSourcesBuildPhase section */
		D5C7F73C1C3BC9CE008CDDBA /* Sources */ = {
			isa = PBXSourcesBuildPhase;
			buildActionMask = 2147483647;
			files = (
				D5A983071D74570B00B0F790 /* MainController.swift in Sources */,
				D5A9830B1D74629800B0F790 /* UsersController.swift in Sources */,
				D5A983051D7456F000B0F790 /* WelcomeController.swift in Sources */,
				D54313CC1D6B9FBD00670AF2 /* AppDelegate.swift in Sources */,
				D5A983091D74572900B0F790 /* PostsController.swift in Sources */,
			);
			runOnlyForDeploymentPostprocessing = 0;
		};
/* End PBXSourcesBuildPhase section */

/* Begin PBXVariantGroup section */
		D54313C11D6B9FBD00670AF2 /* LaunchScreen.storyboard */ = {
			isa = PBXVariantGroup;
			children = (
				D54313C21D6B9FBD00670AF2 /* Base */,
			);
			name = LaunchScreen.storyboard;
			sourceTree = "<group>";
		};
/* End PBXVariantGroup section */

/* Begin XCBuildConfiguration section */
		D5C7F7501C3BC9CE008CDDBA /* Debug */ = {
			isa = XCBuildConfiguration;
			buildSettings = {
				ALWAYS_SEARCH_USER_PATHS = NO;
				CLANG_CXX_LANGUAGE_STANDARD = "gnu++0x";
				CLANG_CXX_LIBRARY = "libc++";
				CLANG_ENABLE_MODULES = YES;
				CLANG_ENABLE_OBJC_ARC = YES;
				CLANG_WARN_BOOL_CONVERSION = YES;
				CLANG_WARN_CONSTANT_CONVERSION = YES;
				CLANG_WARN_DIRECT_OBJC_ISA_USAGE = YES_ERROR;
				CLANG_WARN_EMPTY_BODY = YES;
				CLANG_WARN_ENUM_CONVERSION = YES;
				CLANG_WARN_INT_CONVERSION = YES;
				CLANG_WARN_OBJC_ROOT_CLASS = YES_ERROR;
				CLANG_WARN_UNREACHABLE_CODE = YES;
				CLANG_WARN__DUPLICATE_METHOD_MATCH = YES;
				"CODE_SIGN_IDENTITY[sdk=iphoneos*]" = "iPhone Developer";
				COPY_PHASE_STRIP = NO;
				DEBUG_INFORMATION_FORMAT = dwarf;
				ENABLE_STRICT_OBJC_MSGSEND = YES;
				ENABLE_TESTABILITY = YES;
				GCC_C_LANGUAGE_STANDARD = gnu99;
				GCC_DYNAMIC_NO_PIC = NO;
				GCC_NO_COMMON_BLOCKS = YES;
				GCC_OPTIMIZATION_LEVEL = 0;
				GCC_PREPROCESSOR_DEFINITIONS = (
					"DEBUG=1",
					"$(inherited)",
				);
				GCC_WARN_64_TO_32_BIT_CONVERSION = YES;
				GCC_WARN_ABOUT_RETURN_TYPE = YES_ERROR;
				GCC_WARN_UNDECLARED_SELECTOR = YES;
				GCC_WARN_UNINITIALIZED_AUTOS = YES_AGGRESSIVE;
				GCC_WARN_UNUSED_FUNCTION = YES;
				GCC_WARN_UNUSED_VARIABLE = YES;
				IPHONEOS_DEPLOYMENT_TARGET = 9.2;
				MTL_ENABLE_DEBUG_INFO = YES;
				ONLY_ACTIVE_ARCH = YES;
				SDKROOT = iphoneos;
				SWIFT_OPTIMIZATION_LEVEL = "-Onone";
			};
			name = Debug;
		};
		D5C7F7511C3BC9CE008CDDBA /* Release */ = {
			isa = XCBuildConfiguration;
			buildSettings = {
				ALWAYS_SEARCH_USER_PATHS = NO;
				CLANG_CXX_LANGUAGE_STANDARD = "gnu++0x";
				CLANG_CXX_LIBRARY = "libc++";
				CLANG_ENABLE_MODULES = YES;
				CLANG_ENABLE_OBJC_ARC = YES;
				CLANG_WARN_BOOL_CONVERSION = YES;
				CLANG_WARN_CONSTANT_CONVERSION = YES;
				CLANG_WARN_DIRECT_OBJC_ISA_USAGE = YES_ERROR;
				CLANG_WARN_EMPTY_BODY = YES;
				CLANG_WARN_ENUM_CONVERSION = YES;
				CLANG_WARN_INT_CONVERSION = YES;
				CLANG_WARN_OBJC_ROOT_CLASS = YES_ERROR;
				CLANG_WARN_UNREACHABLE_CODE = YES;
				CLANG_WARN__DUPLICATE_METHOD_MATCH = YES;
				"CODE_SIGN_IDENTITY[sdk=iphoneos*]" = "iPhone Developer";
				COPY_PHASE_STRIP = NO;
				DEBUG_INFORMATION_FORMAT = "dwarf-with-dsym";
				ENABLE_NS_ASSERTIONS = NO;
				ENABLE_STRICT_OBJC_MSGSEND = YES;
				GCC_C_LANGUAGE_STANDARD = gnu99;
				GCC_NO_COMMON_BLOCKS = YES;
				GCC_WARN_64_TO_32_BIT_CONVERSION = YES;
				GCC_WARN_ABOUT_RETURN_TYPE = YES_ERROR;
				GCC_WARN_UNDECLARED_SELECTOR = YES;
				GCC_WARN_UNINITIALIZED_AUTOS = YES_AGGRESSIVE;
				GCC_WARN_UNUSED_FUNCTION = YES;
				GCC_WARN_UNUSED_VARIABLE = YES;
				IPHONEOS_DEPLOYMENT_TARGET = 9.2;
				MTL_ENABLE_DEBUG_INFO = NO;
				SDKROOT = iphoneos;
				VALIDATE_PRODUCT = YES;
			};
			name = Release;
		};
		D5C7F7531C3BC9CE008CDDBA /* Debug */ = {
			isa = XCBuildConfiguration;
			baseConfigurationReference = 30EE3F0C3ACC6A8C5346DEAB /* Pods-AftermathDemo.debug.xcconfig */;
			buildSettings = {
				ASSETCATALOG_COMPILER_APPICON_NAME = AppIcon;
				INFOPLIST_FILE = AftermathDemo/Info.plist;
				LD_RUNPATH_SEARCH_PATHS = "$(inherited) @executable_path/Frameworks";
				PRODUCT_BUNDLE_IDENTIFIER = no.hyper.AftermathDemo;
				PRODUCT_NAME = AftermathDemo;
			};
			name = Debug;
		};
		D5C7F7541C3BC9CE008CDDBA /* Release */ = {
			isa = XCBuildConfiguration;
			baseConfigurationReference = F3FE4B252E36F15A27A58E77 /* Pods-AftermathDemo.release.xcconfig */;
			buildSettings = {
				ASSETCATALOG_COMPILER_APPICON_NAME = AppIcon;
				INFOPLIST_FILE = AftermathDemo/Info.plist;
				LD_RUNPATH_SEARCH_PATHS = "$(inherited) @executable_path/Frameworks";
				PRODUCT_BUNDLE_IDENTIFIER = no.hyper.AftermathDemo;
				PRODUCT_NAME = AftermathDemo;
			};
			name = Release;
		};
/* End XCBuildConfiguration section */

/* Begin XCConfigurationList section */
		D5C7F73B1C3BC9CE008CDDBA /* Build configuration list for PBXProject "AftermathDemo" */ = {
			isa = XCConfigurationList;
			buildConfigurations = (
				D5C7F7501C3BC9CE008CDDBA /* Debug */,
				D5C7F7511C3BC9CE008CDDBA /* Release */,
			);
			defaultConfigurationIsVisible = 0;
			defaultConfigurationName = Release;
		};
		D5C7F7521C3BC9CE008CDDBA /* Build configuration list for PBXNativeTarget "AftermathDemo" */ = {
			isa = XCConfigurationList;
			buildConfigurations = (
				D5C7F7531C3BC9CE008CDDBA /* Debug */,
				D5C7F7541C3BC9CE008CDDBA /* Release */,
			);
			defaultConfigurationIsVisible = 0;
			defaultConfigurationName = Release;
		};
/* End XCConfigurationList section */
	};
	rootObject = D5C7F7381C3BC9CE008CDDBA /* Project object */;
}
